
Microsoft Visual Studio Solution File, Format Version 12.00
# Visual Studio Version 16
VisualStudioVersion = 16.0.31911.196
MinimumVisualStudioVersion = 10.0.40219.1
Project("{FAE04EC0-301F-11D3-BF4B-00C04F79EFBC}") = "MetroLoginApp", "MetroLoginApp\MetroLoginApp.csproj", "{42CDA308-2E3A-4390-8920-BCFDC89D9988}"
EndProject
Global
	GlobalSection(SolutionConfigurationPlatforms) = preSolution
		Debug|Any CPU = Debug|Any CPU
		Release|Any CPU = Release|Any CPU
	EndGlobalSection
	GlobalSection(ProjectConfigurationPlatforms) = postSolution
		{42CDA308-2E3A-4390-8920-BCFDC89D9988}.Debug|Any CPU.ActiveCfg = Debug|Any CPU
		{42CDA308-2E3A-4390-8920-BCFDC89D9988}.Debug|Any CPU.Build.0 = Debug|Any CPU
		{42CDA308-2E3A-4390-8920-BCFDC89D9988}.Release|Any CPU.ActiveCfg = Release|Any CPU
		{42CDA308-2E3A-4390-8920-BCFDC89D9988}.Release|Any CPU.Build.0 = Release|Any CPU
	EndGlobalSection
	GlobalSection(SolutionProperties) = preSolution
		HideSolutionNode = FALSE
	EndGlobalSection
	GlobalSection(ExtensibilityGlobals) = postSolution
		SolutionGuid = {43F806C7-EAE1-43FD-8B1D-E97DDE0D0683}
	EndGlobalSection
EndGlobal
